
Microsoft Visual Studio Solution File, Format Version 12.00
# Visual Studio 15
VisualStudioVersion = 15.0.28307.1062
MinimumVisualStudioVersion = 10.0.40219.1
Project("{FAE04EC0-301F-11D3-BF4B-00C04F79EFBC}") = "2EMPMGT22", "2EMPMGT22\2EMPMGT22.csproj", "{2809470A-F55A-4909-BA6B-97D4D8F6AB11}"
EndProject
Global
	GlobalSection(SolutionConfigurationPlatforms) = preSolution
		Debug|Any CPU = Debug|Any CPU
		Release|Any CPU = Release|Any CPU
	EndGlobalSection
	GlobalSection(ProjectConfigurationPlatforms) = postSolution
		{2809470A-F55A-4909-BA6B-97D4D8F6AB11}.Debug|Any CPU.ActiveCfg = Debug|Any CPU
		{2809470A-F55A-4909-BA6B-97D4D8F6AB11}.Debug|Any CPU.Build.0 = Debug|Any CPU
		{2809470A-F55A-4909-BA6B-97D4D8F6AB11}.Release|Any CPU.ActiveCfg = Release|Any CPU
		{2809470A-F55A-4909-BA6B-97D4D8F6AB11}.Release|Any CPU.Build.0 = Release|Any CPU
	EndGlobalSection
	GlobalSection(SolutionProperties) = preSolution
		HideSolutionNode = FALSE
	EndGlobalSection
	GlobalSection(ExtensibilityGlobals) = postSolution
		SolutionGuid = {E6E2183B-0601-4A6A-AE75-1CA960CA926A}
	EndGlobalSection
EndGlobal
